
Microsoft Visual Studio Solution File, Format Version 12.00
# Visual Studio 15
VisualStudioVersion = 15.0.27703.2026
MinimumVisualStudioVersion = 10.0.40219.1
Project("{FAE04EC0-301F-11D3-BF4B-00C04F79EFBC}") = "RexliteWebAppEnt1.0", "RexliteWebAppEnt1.0\RexliteWebAppEnt1.0.csproj", "{4F32FA4E-FADA-481F-9994-A67AF535B800}"
EndProject
Project("{FAE04EC0-301F-11D3-BF4B-00C04F79EFBC}") = "RexliteWebAppEnt1.0.Tests", "RexliteWebAppEnt1.0.Tests\RexliteWebAppEnt1.0.Tests.csproj", "{FDCA6CB5-9653-4F38-9126-CE97C0CD8885}"
EndProject
Global
	GlobalSection(SolutionConfigurationPlatforms) = preSolution
		Debug|Any CPU = Debug|Any CPU
		Release|Any CPU = Release|Any CPU
	EndGlobalSection
	GlobalSection(ProjectConfigurationPlatforms) = postSolution
		{4F32FA4E-FADA-481F-9994-A67AF535B800}.Debug|Any CPU.ActiveCfg = Debug|Any CPU
		{4F32FA4E-FADA-481F-9994-A67AF535B800}.Debug|Any CPU.Build.0 = Debug|Any CPU
		{4F32FA4E-FADA-481F-9994-A67AF535B800}.Release|Any CPU.ActiveCfg = Release|Any CPU
		{4F32FA4E-FADA-481F-9994-A67AF535B800}.Release|Any CPU.Build.0 = Release|Any CPU
		{FDCA6CB5-9653-4F38-9126-CE97C0CD8885}.Debug|Any CPU.ActiveCfg = Debug|Any CPU
		{FDCA6CB5-9653-4F38-9126-CE97C0CD8885}.Debug|Any CPU.Build.0 = Debug|Any CPU
		{FDCA6CB5-9653-4F38-9126-CE97C0CD8885}.Release|Any CPU.ActiveCfg = Release|Any CPU
		{FDCA6CB5-9653-4F38-9126-CE97C0CD8885}.Release|Any CPU.Build.0 = Release|Any CPU
	EndGlobalSection
	GlobalSection(SolutionProperties) = preSolution
		HideSolutionNode = FALSE
	EndGlobalSection
	GlobalSection(ExtensibilityGlobals) = postSolution
		SolutionGuid = {E97DB5CC-A315-4F37-BD5D-6B829FF7E635}
	EndGlobalSection
EndGlobal
